<?xml version="1.0" encoding="utf-8"?>
<Project ToolsVersion="4.0" xmlns="http://schemas.microsoft.com/developer/msbuild/2003">
  <ItemGroup>
    <Filter Include="소스 파일">
      <UniqueIdentifier>{4FC737F1-C7A5-4376-A066-2A32D752A2FF}</UniqueIdentifier>
      <Extensions>cpp;c;cc;cxx;def;odl;idl;hpj;bat;asm;asmx</Extensions>
    </Filter>
    <Filter Include="리소스 파일">
      <UniqueIdentifier>{67DA6AB6-F800-4c08-8B7A-83BB121AAD01}</UniqueIdentifier>
      <Extensions>rc;ico;cur;bmp;dlg;rc2;rct;bin;rgs;gif;jpg;jpeg;jpe;resx;tiff;tif;png;wav</Extensions>
    </Filter>
    <Filter Include="헤더 파일">
      <UniqueIdentifier>{93995380-89BD-4b04-88EB-625FBE52EBFB}</UniqueIdentifier>
      <Extensions>h;hpp;hxx;hm;inl;inc;xsd</Extensions>
    </Filter>
  </ItemGroup>
  <ItemGroup>
    <ClCompile Include="game.cpp">
      <Filter>소스 파일</Filter>
    </ClCompile>
    <ClCompile Include="JMainMenu.cpp">
      <Filter>소스 파일</Filter>
    </ClCompile>
    <ClCompile Include="clccAPILib\KDBuffer.cpp">
      <Filter>소스 파일</Filter>
    </ClCompile>
    <ClCompile Include="clccAPILib\KDC.cpp">
      <Filter>소스 파일</Filter>
    </ClCompile>
    <ClCompile Include="clccAPILib\KKeyboard.cpp">
      <Filter>소스 파일</Filter>
    </ClCompile>
    <ClCompile Include="clccAPILib\KObject.cpp">
      <Filter>소스 파일</Filter>
    </ClCompile>
    <ClCompile Include="clccAPILib\KSound.cpp">
      <Filter>소스 파일</Filter>
    </ClCompile>
    <ClCompile Include="PEnemy.cpp">
      <Filter>소스 파일</Filter>
    </ClCompile>
    <ClCompile Include="PGame.cpp">
      <Filter>소스 파일</Filter>
    </ClCompile>
    <ClCompile Include="PGameMenu.cpp">
      <Filter>소스 파일</Filter>
    </ClCompile>
    <ClCompile Include="PMap.cpp">
      <Filter>소스 파일</Filter>
    </ClCompile>
    <ClCompile Include="PPlayer.cpp">
      <Filter>소스 파일</Filter>
    </ClCompile>
    <ClCompile Include="PTower.cpp">
      <Filter>소스 파일</Filter>
    </ClCompile>
    <ClCompile Include="stdafx.cpp">
      <Filter>소스 파일</Filter>
    </ClCompile>
    <ClCompile Include="W32Frame.cpp">
      <Filter>소스 파일</Filter>
    </ClCompile>
  </ItemGroup>
  <ItemGroup>
    <Image Include="이미지보관\bitmap11.bmp">
      <Filter>리소스 파일</Filter>
    </Image>
    <Image Include="이미지보관\bitmap12.bmp">
      <Filter>리소스 파일</Filter>
    </Image>
    <Image Include="이미지보관\bitmap14.bmp">
      <Filter>리소스 파일</Filter>
    </Image>
    <Image Include="이미지보관\bmp00001.bmp">
      <Filter>리소스 파일</Filter>
    </Image>
    <Image Include="이미지보관\Building_PDA_Display.bmp">
      <Filter>리소스 파일</Filter>
    </Image>
    <Image Include="이미지보관\FullMap.bmp">
      <Filter>리소스 파일</Filter>
    </Image>
    <Image Include="이미지보관\원본\go.bmp">
      <Filter>리소스 파일</Filter>
    </Image>
    <Image Include="이미지보관\go.bmp">
      <Filter>리소스 파일</Filter>
    </Image>
    <Image Include="이미지보관\Help.bmp">
      <Filter>리소스 파일</Filter>
    </Image>
    <Image Include="이미지보관\Level_3_Sentry_Gun.bmp">
      <Filter>리소스 파일</Filter>
    </Image>
    <Image Include="이미지보관\Lvl3dispenser.bmp">
      <Filter>리소스 파일</Filter>
    </Image>
    <Image Include="이미지보관\Main.bmp">
      <Filter>리소스 파일</Filter>
    </Image>
    <Image Include="이미지보관\MainMenu.bmp">
      <Filter>리소스 파일</Filter>
    </Image>
    <Image Include="이미지보관\map.bmp">
      <Filter>리소스 파일</Filter>
    </Image>
    <Image Include="이미지보관\Map0.bmp">
      <Filter>리소스 파일</Filter>
    </Image>
    <Image Include="이미지보관\Origin.bmp">
      <Filter>리소스 파일</Filter>
    </Image>
    <Image Include="small.ico">
      <Filter>리소스 파일</Filter>
    </Image>
    <Image Include="이미지보관\Teleporter.bmp">
      <Filter>리소스 파일</Filter>
    </Image>
    <Image Include="W32Frame.ico">
      <Filter>리소스 파일</Filter>
    </Image>
    <Image Include="이미지보관\센트리1단계\뒤.BMP">
      <Filter>리소스 파일</Filter>
    </Image>
    <Image Include="이미지보관\센트리1단계\앞.BMP">
      <Filter>리소스 파일</Filter>
    </Image>
    <Image Include="이미지보관\센트리1단계\오른쪽.BMP">
      <Filter>리소스 파일</Filter>
    </Image>
    <Image Include="이미지보관\센트리1단계\왼쪽.BMP">
      <Filter>리소스 파일</Filter>
    </Image>
  </ItemGroup>
  <ItemGroup>
    <ResourceCompile Include="W32Frame.rc">
      <Filter>리소스 파일</Filter>
    </ResourceCompile>
  </ItemGroup>
  <ItemGroup>
    <ClInclude Include="JMainMenu.h">
      <Filter>헤더 파일</Filter>
    </ClInclude>
    <ClInclude Include="clccAPILib\KDBuffer.h">
      <Filter>헤더 파일</Filter>
    </ClInclude>
    <ClInclude Include="clccAPILib\KDC.h">
      <Filter>헤더 파일</Filter>
    </ClInclude>
    <ClInclude Include="clccAPILib\KKeyboard.h">
      <Filter>헤더 파일</Filter>
    </ClInclude>
    <ClInclude Include="clccAPILib\KObject.h">
      <Filter>헤더 파일</Filter>
    </ClInclude>
    <ClInclude Include="clccAPILib\KSound.h">
      <Filter>헤더 파일</Filter>
    </ClInclude>
    <ClInclude Include="PEnemy.h">
      <Filter>헤더 파일</Filter>
    </ClInclude>
    <ClInclude Include="PGame.h">
      <Filter>헤더 파일</Filter>
    </ClInclude>
    <ClInclude Include="PGameMenu.h">
      <Filter>헤더 파일</Filter>
    </ClInclude>
    <ClInclude Include="PMap.h">
      <Filter>헤더 파일</Filter>
    </ClInclude>
    <ClInclude Include="PPlayer.h">
      <Filter>헤더 파일</Filter>
    </ClInclude>
    <ClInclude Include="PTower.h">
      <Filter>헤더 파일</Filter>
    </ClInclude>
    <ClInclude Include="Resource.h">
      <Filter>헤더 파일</Filter>
    </ClInclude>
    <ClInclude Include="stdafx.h">
      <Filter>헤더 파일</Filter>
    </ClInclude>
    <ClInclude Include="targetver.h">
      <Filter>헤더 파일</Filter>
    </ClInclude>
    <ClInclude Include="W32Frame.h">
      <Filter>헤더 파일</Filter>
    </ClInclude>
  </ItemGroup>
  <ItemGroup>
    <Text Include="ReadMe.txt" />
  </ItemGroup>
</Project>